
Microsoft Visual Studio Solution File, Format Version 12.00
# Visual Studio Version 16
VisualStudioVersion = 16.0.32428.217
MinimumVisualStudioVersion = 10.0.40219.1
Project("{FAE04EC0-301F-11D3-BF4B-00C04F79EFBC}") = "FloydAlgorythm", "FloydAlgorythm\FloydAlgorythm.csproj", "{0E4C9703-29E8-4282-A9EF-19EB5E19A7CA}"
EndProject
Global
	GlobalSection(SolutionConfigurationPlatforms) = preSolution
		Debug|Any CPU = Debug|Any CPU
		Release|Any CPU = Release|Any CPU
	EndGlobalSection
	GlobalSection(ProjectConfigurationPlatforms) = postSolution
		{0E4C9703-29E8-4282-A9EF-19EB5E19A7CA}.Debug|Any CPU.ActiveCfg = Debug|Any CPU
		{0E4C9703-29E8-4282-A9EF-19EB5E19A7CA}.Debug|Any CPU.Build.0 = Debug|Any CPU
		{0E4C9703-29E8-4282-A9EF-19EB5E19A7CA}.Release|Any CPU.ActiveCfg = Release|Any CPU
		{0E4C9703-29E8-4282-A9EF-19EB5E19A7CA}.Release|Any CPU.Build.0 = Release|Any CPU
	EndGlobalSection
	GlobalSection(SolutionProperties) = preSolution
		HideSolutionNode = FALSE
	EndGlobalSection
	GlobalSection(ExtensibilityGlobals) = postSolution
		SolutionGuid = {3112268B-171D-4492-80A0-98FF75485C93}
	EndGlobalSection
EndGlobal
